// !$*UTF8*$!
{
	archiveVersion = 1;
	classes = {
	};
	objectVersion = 56;
	objects = {

/* Begin PBXBuildFile section */
		BD7359EA29F9A4EC00766F9A /* KPI_IIIApp.swift in Sources */ = {isa = PBXBuildFile; fileRef = BD7359E929F9A4EC00766F9A /* KPI_IIIApp.swift */; };
		BD7359EE29F9A4EF00766F9A /* Assets.xcassets in Resources */ = {isa = PBXBuildFile; fileRef = BD7359ED29F9A4EF00766F9A /* Assets.xcassets */; };
		BD7359F129F9A4EF00766F9A /* Preview Assets.xcassets in Resources */ = {isa = PBXBuildFile; fileRef = BD7359F029F9A4EF00766F9A /* Preview Assets.xcassets */; };
		BD7359FA29F9A5AA00766F9A /* CounterView.swift in Sources */ = {isa = PBXBuildFile; fileRef = BD7359F929F9A5AA00766F9A /* CounterView.swift */; };
		BD7359FC29F9A63700766F9A /* KPIItemView.swift in Sources */ = {isa = PBXBuildFile; fileRef = BD7359FB29F9A63700766F9A /* KPIItemView.swift */; };
		BD7359FE29F9A80700766F9A /* AreaView.swift in Sources */ = {isa = PBXBuildFile; fileRef = BD7359FD29F9A80700766F9A /* AreaView.swift */; };
		BD735A2829FD35D000766F9A /* KPMainTabView.swift in Sources */ = {isa = PBXBuildFile; fileRef = BD735A2729FD35D000766F9A /* KPMainTabView.swift */; };
		BD735A2A29FD3B2B00766F9A /* KPStatView.swift in Sources */ = {isa = PBXBuildFile; fileRef = BD735A2929FD3B2B00766F9A /* KPStatView.swift */; };
		BD735A2C29FD8F0800766F9A /* Manager.swift in Sources */ = {isa = PBXBuildFile; fileRef = BD735A2B29FD8F0800766F9A /* Manager.swift */; };
		BD735A2E29FEE9CA00766F9A /* Date+Ext.swift in Sources */ = {isa = PBXBuildFile; fileRef = BD735A2D29FEE9CA00766F9A /* Date+Ext.swift */; };
		BD735A3029FEF1FD00766F9A /* Color+Ext.swift in Sources */ = {isa = PBXBuildFile; fileRef = BD735A2F29FEF1FD00766F9A /* Color+Ext.swift */; };
		BDD0F6362A06AB0B00E4608B /* AreaEditorView.swift in Sources */ = {isa = PBXBuildFile; fileRef = BDD0F6352A06AB0B00E4608B /* AreaEditorView.swift */; };
		BDD0F6382A06AB5F00E4608B /* KPIEditorView.swift in Sources */ = {isa = PBXBuildFile; fileRef = BDD0F6372A06AB5F00E4608B /* KPIEditorView.swift */; };
/* End PBXBuildFile section */

/* Begin PBXFileReference section */
		BD7359E629F9A4EC00766F9A /* KPI_III.app */ = {isa = PBXFileReference; explicitFileType = wrapper.application; includeInIndex = 0; path = KPI_III.app; sourceTree = BUILT_PRODUCTS_DIR; };
		BD7359E929F9A4EC00766F9A /* KPI_IIIApp.swift */ = {isa = PBXFileReference; lastKnownFileType = sourcecode.swift; path = KPI_IIIApp.swift; sourceTree = "<group>"; };
		BD7359ED29F9A4EF00766F9A /* Assets.xcassets */ = {isa = PBXFileReference; lastKnownFileType = folder.assetcatalog; path = Assets.xcassets; sourceTree = "<group>"; };
		BD7359F029F9A4EF00766F9A /* Preview Assets.xcassets */ = {isa = PBXFileReference; lastKnownFileType = folder.assetcatalog; path = "Preview Assets.xcassets"; sourceTree = "<group>"; };
		BD7359F929F9A5AA00766F9A /* CounterView.swift */ = {isa = PBXFileReference; lastKnownFileType = sourcecode.swift; path = CounterView.swift; sourceTree = "<group>"; };
		BD7359FB29F9A63700766F9A /* KPIItemView.swift */ = {isa = PBXFileReference; lastKnownFileType = sourcecode.swift; path = KPIItemView.swift; sourceTree = "<group>"; };
		BD7359FD29F9A80700766F9A /* AreaView.swift */ = {isa = PBXFileReference; lastKnownFileType = sourcecode.swift; path = AreaView.swift; sourceTree = "<group>"; };
		BD735A2729FD35D000766F9A /* KPMainTabView.swift */ = {isa = PBXFileReference; lastKnownFileType = sourcecode.swift; path = KPMainTabView.swift; sourceTree = "<group>"; };
		BD735A2929FD3B2B00766F9A /* KPStatView.swift */ = {isa = PBXFileReference; lastKnownFileType = sourcecode.swift; path = KPStatView.swift; sourceTree = "<group>"; };
		BD735A2B29FD8F0800766F9A /* Manager.swift */ = {isa = PBXFileReference; lastKnownFileType = sourcecode.swift; path = Manager.swift; sourceTree = "<group>"; };
		BD735A2D29FEE9CA00766F9A /* Date+Ext.swift */ = {isa = PBXFileReference; lastKnownFileType = sourcecode.swift; path = "Date+Ext.swift"; sourceTree = "<group>"; };
		BD735A2F29FEF1FD00766F9A /* Color+Ext.swift */ = {isa = PBXFileReference; lastKnownFileType = sourcecode.swift; path = "Color+Ext.swift"; sourceTree = "<group>"; };
		BDD0F6352A06AB0B00E4608B /* AreaEditorView.swift */ = {isa = PBXFileReference; lastKnownFileType = sourcecode.swift; path = AreaEditorView.swift; sourceTree = "<group>"; };
		BDD0F6372A06AB5F00E4608B /* KPIEditorView.swift */ = {isa = PBXFileReference; lastKnownFileType = sourcecode.swift; path = KPIEditorView.swift; sourceTree = "<group>"; };
/* End PBXFileReference section */

/* Begin PBXFrameworksBuildPhase section */
		BD7359E329F9A4EC00766F9A /* Frameworks */ = {
			isa = PBXFrameworksBuildPhase;
			buildActionMask = 2147483647;
			files = (
			);
			runOnlyForDeploymentPostprocessing = 0;
		};
/* End PBXFrameworksBuildPhase section */

/* Begin PBXGroup section */
		52546F2A2C47D6540021A5FD /* Infrustructure */ = {
			isa = PBXGroup;
			children = (
				BD735A2B29FD8F0800766F9A /* Manager.swift */,
			);
			path = Infrustructure;
			sourceTree = "<group>";
		};
		52546F2B2C47D7260021A5FD /* Presentation */ = {
			isa = PBXGroup;
			children = (
				52546F2F2C47D8650021A5FD /* Views */,
				52546F2E2C47D8490021A5FD /* Screens */,
			);
			path = Presentation;
			sourceTree = "<group>";
		};
		52546F2C2C47D7900021A5FD /* Resources */ = {
			isa = PBXGroup;
			children = (
				BD7359ED29F9A4EF00766F9A /* Assets.xcassets */,
			);
			path = Resources;
			sourceTree = "<group>";
		};
		52546F2D2C47D7C30021A5FD /* Extensions */ = {
			isa = PBXGroup;
			children = (
				BD735A2D29FEE9CA00766F9A /* Date+Ext.swift */,
				BD735A2F29FEF1FD00766F9A /* Color+Ext.swift */,
			);
			path = Extensions;
			sourceTree = "<group>";
		};
		52546F2E2C47D8490021A5FD /* Screens */ = {
			isa = PBXGroup;
			children = (
				529F2F512C47EDDA0046405D /* Main */,
				529F2F522C47EDF60046405D /* Area */,
				529F2F532C47EDFF0046405D /* KPI */,
				529F2F542C47EE940046405D /* Stats */,
			);
			path = Screens;
			sourceTree = "<group>";
		};
		52546F2F2C47D8650021A5FD /* Views */ = {
			isa = PBXGroup;
			children = (
				BD7359F929F9A5AA00766F9A /* CounterView.swift */,
				BD7359FB29F9A63700766F9A /* KPIItemView.swift */,
			);
			path = Views;
			sourceTree = "<group>";
		};
		529F2F512C47EDDA0046405D /* Main */ = {
			isa = PBXGroup;
			children = (
				BD735A2729FD35D000766F9A /* KPMainTabView.swift */,
			);
			path = Main;
			sourceTree = "<group>";
		};
		529F2F522C47EDF60046405D /* Area */ = {
			isa = PBXGroup;
			children = (
				BDD0F6352A06AB0B00E4608B /* AreaEditorView.swift */,
				BD7359FD29F9A80700766F9A /* AreaView.swift */,
			);
			path = Area;
			sourceTree = "<group>";
		};
		529F2F532C47EDFF0046405D /* KPI */ = {
			isa = PBXGroup;
			children = (
				BDD0F6372A06AB5F00E4608B /* KPIEditorView.swift */,
			);
			path = KPI;
			sourceTree = "<group>";
		};
		529F2F542C47EE940046405D /* Stats */ = {
			isa = PBXGroup;
			children = (
				BD735A2929FD3B2B00766F9A /* KPStatView.swift */,
			);
			path = Stats;
			sourceTree = "<group>";
		};
		BD7359DD29F9A4EC00766F9A = {
			isa = PBXGroup;
			children = (
				BD7359E829F9A4EC00766F9A /* KPI_III */,
				BD7359E729F9A4EC00766F9A /* Products */,
			);
			sourceTree = "<group>";
		};
		BD7359E729F9A4EC00766F9A /* Products */ = {
			isa = PBXGroup;
			children = (
				BD7359E629F9A4EC00766F9A /* KPI_III.app */,
			);
			name = Products;
			sourceTree = "<group>";
		};
		BD7359E829F9A4EC00766F9A /* KPI_III */ = {
			isa = PBXGroup;
			children = (
				52546F2D2C47D7C30021A5FD /* Extensions */,
				52546F2C2C47D7900021A5FD /* Resources */,
				52546F2B2C47D7260021A5FD /* Presentation */,
				52546F2A2C47D6540021A5FD /* Infrustructure */,
				BDD0F6342A06A8B600E4608B /* Supporting Files */,
				BD7359EF29F9A4EF00766F9A /* Preview Content */,
			);
			path = KPI_III;
			sourceTree = "<group>";
		};
		BD7359EF29F9A4EF00766F9A /* Preview Content */ = {
			isa = PBXGroup;
			children = (
				BD7359F029F9A4EF00766F9A /* Preview Assets.xcassets */,
			);
			path = "Preview Content";
			sourceTree = "<group>";
		};
		BDD0F6342A06A8B600E4608B /* Supporting Files */ = {
			isa = PBXGroup;
			children = (
				BD7359E929F9A4EC00766F9A /* KPI_IIIApp.swift */,
			);
			path = "Supporting Files";
			sourceTree = "<group>";
		};
/* End PBXGroup section */

/* Begin PBXNativeTarget section */
		BD7359E529F9A4EC00766F9A /* KPI_III */ = {
			isa = PBXNativeTarget;
			buildConfigurationList = BD7359F429F9A4EF00766F9A /* Build configuration list for PBXNativeTarget "KPI_III" */;
			buildPhases = (
				BD7359E229F9A4EC00766F9A /* Sources */,
				BD7359E329F9A4EC00766F9A /* Frameworks */,
				BD7359E429F9A4EC00766F9A /* Resources */,
			);
			buildRules = (
			);
			dependencies = (
			);
			name = KPI_III;
			productName = KPI_III;
			productReference = BD7359E629F9A4EC00766F9A /* KPI_III.app */;
			productType = "com.apple.product-type.application";
		};
/* End PBXNativeTarget section */

/* Begin PBXProject section */
		BD7359DE29F9A4EC00766F9A /* Project object */ = {
			isa = PBXProject;
			attributes = {
				BuildIndependentTargetsInParallel = 1;
				LastSwiftUpdateCheck = 1420;
				LastUpgradeCheck = 1510;
				TargetAttributes = {
					BD7359E529F9A4EC00766F9A = {
						CreatedOnToolsVersion = 14.2;
					};
				};
			};
			buildConfigurationList = BD7359E129F9A4EC00766F9A /* Build configuration list for PBXProject "KPI_III" */;
			compatibilityVersion = "Xcode 14.0";
			developmentRegion = en;
			hasScannedForEncodings = 0;
			knownRegions = (
				en,
				Base,
			);
			mainGroup = BD7359DD29F9A4EC00766F9A;
			productRefGroup = BD7359E729F9A4EC00766F9A /* Products */;
			projectDirPath = "";
			projectRoot = "";
			targets = (
				BD7359E529F9A4EC00766F9A /* KPI_III */,
			);
		};
/* End PBXProject section */

/* Begin PBXResourcesBuildPhase section */
		BD7359E429F9A4EC00766F9A /* Resources */ = {
			isa = PBXResourcesBuildPhase;
			buildActionMask = 2147483647;
			files = (
				BD7359F129F9A4EF00766F9A /* Preview Assets.xcassets in Resources */,
				BD7359EE29F9A4EF00766F9A /* Assets.xcassets in Resources */,
			);
			runOnlyForDeploymentPostprocessing = 0;
		};
/* End PBXResourcesBuildPhase section */

/* Begin PBXSourcesBuildPhase section */
		BD7359E229F9A4EC00766F9A /* Sources */ = {
			isa = PBXSourcesBuildPhase;
			buildActionMask = 2147483647;
			files = (
				BDD0F6382A06AB5F00E4608B /* KPIEditorView.swift in Sources */,
				BD7359FE29F9A80700766F9A /* AreaView.swift in Sources */,
				BD7359FA29F9A5AA00766F9A /* CounterView.swift in Sources */,
				BD7359EA29F9A4EC00766F9A /* KPI_IIIApp.swift in Sources */,
				BD735A2A29FD3B2B00766F9A /* KPStatView.swift in Sources */,
				BD735A2C29FD8F0800766F9A /* Manager.swift in Sources */,
				BD735A2E29FEE9CA00766F9A /* Date+Ext.swift in Sources */,
				BD735A2829FD35D000766F9A /* KPMainTabView.swift in Sources */,
				BD7359FC29F9A63700766F9A /* KPIItemView.swift in Sources */,
				BDD0F6362A06AB0B00E4608B /* AreaEditorView.swift in Sources */,
				BD735A3029FEF1FD00766F9A /* Color+Ext.swift in Sources */,
			);
			runOnlyForDeploymentPostprocessing = 0;
		};
/* End PBXSourcesBuildPhase section */

/* Begin XCBuildConfiguration section */
		BD7359F229F9A4EF00766F9A /* Debug */ = {
			isa = XCBuildConfiguration;
			buildSettings = {
				ALWAYS_SEARCH_USER_PATHS = NO;
				CLANG_ANALYZER_NONNULL = YES;
				CLANG_ANALYZER_NUMBER_OBJECT_CONVERSION = YES_AGGRESSIVE;
				CLANG_CXX_LANGUAGE_STANDARD = "gnu++20";
				CLANG_ENABLE_MODULES = YES;
				CLANG_ENABLE_OBJC_ARC = YES;
				CLANG_ENABLE_OBJC_WEAK = YES;
				CLANG_WARN_BLOCK_CAPTURE_AUTORELEASING = YES;
				CLANG_WARN_BOOL_CONVERSION = YES;
				CLANG_WARN_COMMA = YES;
				CLANG_WARN_CONSTANT_CONVERSION = YES;
				CLANG_WARN_DEPRECATED_OBJC_IMPLEMENTATIONS = YES;
				CLANG_WARN_DIRECT_OBJC_ISA_USAGE = YES_ERROR;
				CLANG_WARN_DOCUMENTATION_COMMENTS = YES;
				CLANG_WARN_EMPTY_BODY = YES;
				CLANG_WARN_ENUM_CONVERSION = YES;
				CLANG_WARN_INFINITE_RECURSION = YES;
				CLANG_WARN_INT_CONVERSION = YES;
				CLANG_WARN_NON_LITERAL_NULL_CONVERSION = YES;
				CLANG_WARN_OBJC_IMPLICIT_RETAIN_SELF = YES;
				CLANG_WARN_OBJC_LITERAL_CONVERSION = YES;
				CLANG_WARN_OBJC_ROOT_CLASS = YES_ERROR;
				CLANG_WARN_QUOTED_INCLUDE_IN_FRAMEWORK_HEADER = YES;
				CLANG_WARN_RANGE_LOOP_ANALYSIS = YES;
				CLANG_WARN_STRICT_PROTOTYPES = YES;
				CLANG_WARN_SUSPICIOUS_MOVE = YES;
				CLANG_WARN_UNGUARDED_AVAILABILITY = YES_AGGRESSIVE;
				CLANG_WARN_UNREACHABLE_CODE = YES;
				CLANG_WARN__DUPLICATE_METHOD_MATCH = YES;
				COPY_PHASE_STRIP = NO;
				DEBUG_INFORMATION_FORMAT = dwarf;
				ENABLE_STRICT_OBJC_MSGSEND = YES;
				ENABLE_TESTABILITY = YES;
				ENABLE_USER_SCRIPT_SANDBOXING = YES;
				GCC_C_LANGUAGE_STANDARD = gnu11;
				GCC_DYNAMIC_NO_PIC = NO;
				GCC_NO_COMMON_BLOCKS = YES;
				GCC_OPTIMIZATION_LEVEL = 0;
				GCC_PREPROCESSOR_DEFINITIONS = (
					"DEBUG=1",
					"$(inherited)",
				);
				GCC_WARN_64_TO_32_BIT_CONVERSION = YES;
				GCC_WARN_ABOUT_RETURN_TYPE = YES_ERROR;
				GCC_WARN_UNDECLARED_SELECTOR = YES;
				GCC_WARN_UNINITIALIZED_AUTOS = YES_AGGRESSIVE;
				GCC_WARN_UNUSED_FUNCTION = YES;
				GCC_WARN_UNUSED_VARIABLE = YES;
				IPHONEOS_DEPLOYMENT_TARGET = 16.2;
				MTL_ENABLE_DEBUG_INFO = INCLUDE_SOURCE;
				MTL_FAST_MATH = YES;
				ONLY_ACTIVE_ARCH = YES;
				SDKROOT = iphoneos;
				SWIFT_ACTIVE_COMPILATION_CONDITIONS = DEBUG;
				SWIFT_OPTIMIZATION_LEVEL = "-Onone";
			};
			name = Debug;
		};
		BD7359F329F9A4EF00766F9A /* Release */ = {
			isa = XCBuildConfiguration;
			buildSettings = {
				ALWAYS_SEARCH_USER_PATHS = NO;
				CLANG_ANALYZER_NONNULL = YES;
				CLANG_ANALYZER_NUMBER_OBJECT_CONVERSION = YES_AGGRESSIVE;
				CLANG_CXX_LANGUAGE_STANDARD = "gnu++20";
				CLANG_ENABLE_MODULES = YES;
				CLANG_ENABLE_OBJC_ARC = YES;
				CLANG_ENABLE_OBJC_WEAK = YES;
				CLANG_WARN_BLOCK_CAPTURE_AUTORELEASING = YES;
				CLANG_WARN_BOOL_CONVERSION = YES;
				CLANG_WARN_COMMA = YES;
				CLANG_WARN_CONSTANT_CONVERSION = YES;
				CLANG_WARN_DEPRECATED_OBJC_IMPLEMENTATIONS = YES;
				CLANG_WARN_DIRECT_OBJC_ISA_USAGE = YES_ERROR;
				CLANG_WARN_DOCUMENTATION_COMMENTS = YES;
				CLANG_WARN_EMPTY_BODY = YES;
				CLANG_WARN_ENUM_CONVERSION = YES;
				CLANG_WARN_INFINITE_RECURSION = YES;
				CLANG_WARN_INT_CONVERSION = YES;
				CLANG_WARN_NON_LITERAL_NULL_CONVERSION = YES;
				CLANG_WARN_OBJC_IMPLICIT_RETAIN_SELF = YES;
				CLANG_WARN_OBJC_LITERAL_CONVERSION = YES;
				CLANG_WARN_OBJC_ROOT_CLASS = YES_ERROR;
				CLANG_WARN_QUOTED_INCLUDE_IN_FRAMEWORK_HEADER = YES;
				CLANG_WARN_RANGE_LOOP_ANALYSIS = YES;
				CLANG_WARN_STRICT_PROTOTYPES = YES;
				CLANG_WARN_SUSPICIOUS_MOVE = YES;
				CLANG_WARN_UNGUARDED_AVAILABILITY = YES_AGGRESSIVE;
				CLANG_WARN_UNREACHABLE_CODE = YES;
				CLANG_WARN__DUPLICATE_METHOD_MATCH = YES;
				COPY_PHASE_STRIP = NO;
				DEBUG_INFORMATION_FORMAT = "dwarf-with-dsym";
				ENABLE_NS_ASSERTIONS = NO;
				ENABLE_STRICT_OBJC_MSGSEND = YES;
				ENABLE_USER_SCRIPT_SANDBOXING = YES;
				GCC_C_LANGUAGE_STANDARD = gnu11;
				GCC_NO_COMMON_BLOCKS = YES;
				GCC_WARN_64_TO_32_BIT_CONVERSION = YES;
				GCC_WARN_ABOUT_RETURN_TYPE = YES_ERROR;
				GCC_WARN_UNDECLARED_SELECTOR = YES;
				GCC_WARN_UNINITIALIZED_AUTOS = YES_AGGRESSIVE;
				GCC_WARN_UNUSED_FUNCTION = YES;
				GCC_WARN_UNUSED_VARIABLE = YES;
				IPHONEOS_DEPLOYMENT_TARGET = 16.2;
				MTL_ENABLE_DEBUG_INFO = NO;
				MTL_FAST_MATH = YES;
				SDKROOT = iphoneos;
				SWIFT_COMPILATION_MODE = wholemodule;
				SWIFT_OPTIMIZATION_LEVEL = "-O";
				VALIDATE_PRODUCT = YES;
			};
			name = Release;
		};
		BD7359F529F9A4EF00766F9A /* Debug */ = {
			isa = XCBuildConfiguration;
			buildSettings = {
				ASSETCATALOG_COMPILER_APPICON_NAME = AppIcon;
				ASSETCATALOG_COMPILER_GLOBAL_ACCENT_COLOR_NAME = AccentColor;
				CODE_SIGN_STYLE = Automatic;
				CURRENT_PROJECT_VERSION = 1;
				DEVELOPMENT_ASSET_PATHS = "\"KPI_III/Preview Content\"";
				DEVELOPMENT_TEAM = VPJ4257952;
				ENABLE_PREVIEWS = YES;
				GENERATE_INFOPLIST_FILE = YES;
				INFOPLIST_KEY_CFBundleDisplayName = KPI;
				INFOPLIST_KEY_UIApplicationSceneManifest_Generation = YES;
				INFOPLIST_KEY_UIApplicationSupportsIndirectInputEvents = YES;
				INFOPLIST_KEY_UILaunchScreen_Generation = YES;
				INFOPLIST_KEY_UISupportedInterfaceOrientations_iPad = "UIInterfaceOrientationPortrait UIInterfaceOrientationPortraitUpsideDown UIInterfaceOrientationLandscapeLeft UIInterfaceOrientationLandscapeRight";
				INFOPLIST_KEY_UISupportedInterfaceOrientations_iPhone = "UIInterfaceOrientationPortrait UIInterfaceOrientationLandscapeLeft UIInterfaceOrientationLandscapeRight";
				LD_RUNPATH_SEARCH_PATHS = (
					"$(inherited)",
					"@executable_path/Frameworks",
				);
				MARKETING_VERSION = 1.0;
				PRODUCT_BUNDLE_IDENTIFIER = "com.jamoliddinovabdu.KPI-III";
				PRODUCT_NAME = "$(TARGET_NAME)";
				SWIFT_EMIT_LOC_STRINGS = YES;
				SWIFT_VERSION = 5.0;
				TARGETED_DEVICE_FAMILY = "1,2";
			};
			name = Debug;
		};
		BD7359F629F9A4EF00766F9A /* Release */ = {
			isa = XCBuildConfiguration;
			buildSettings = {
				ASSETCATALOG_COMPILER_APPICON_NAME = AppIcon;
				ASSETCATALOG_COMPILER_GLOBAL_ACCENT_COLOR_NAME = AccentColor;
				CODE_SIGN_STYLE = Automatic;
				CURRENT_PROJECT_VERSION = 1;
				DEVELOPMENT_ASSET_PATHS = "\"KPI_III/Preview Content\"";
				DEVELOPMENT_TEAM = VPJ4257952;
				ENABLE_PREVIEWS = YES;
				GENERATE_INFOPLIST_FILE = YES;
				INFOPLIST_KEY_CFBundleDisplayName = KPI;
				INFOPLIST_KEY_UIApplicationSceneManifest_Generation = YES;
				INFOPLIST_KEY_UIApplicationSupportsIndirectInputEvents = YES;
				INFOPLIST_KEY_UILaunchScreen_Generation = YES;
				INFOPLIST_KEY_UISupportedInterfaceOrientations_iPad = "UIInterfaceOrientationPortrait UIInterfaceOrientationPortraitUpsideDown UIInterfaceOrientationLandscapeLeft UIInterfaceOrientationLandscapeRight";
				INFOPLIST_KEY_UISupportedInterfaceOrientations_iPhone = "UIInterfaceOrientationPortrait UIInterfaceOrientationLandscapeLeft UIInterfaceOrientationLandscapeRight";
				LD_RUNPATH_SEARCH_PATHS = (
					"$(inherited)",
					"@executable_path/Frameworks",
				);
				MARKETING_VERSION = 1.0;
				PRODUCT_BUNDLE_IDENTIFIER = "com.jamoliddinovabdu.KPI-III";
				PRODUCT_NAME = "$(TARGET_NAME)";
				SWIFT_EMIT_LOC_STRINGS = YES;
				SWIFT_VERSION = 5.0;
				TARGETED_DEVICE_FAMILY = "1,2";
			};
			name = Release;
		};
/* End XCBuildConfiguration section */

/* Begin XCConfigurationList section */
		BD7359E129F9A4EC00766F9A /* Build configuration list for PBXProject "KPI_III" */ = {
			isa = XCConfigurationList;
			buildConfigurations = (
				BD7359F229F9A4EF00766F9A /* Debug */,
				BD7359F329F9A4EF00766F9A /* Release */,
			);
			defaultConfigurationIsVisible = 0;
			defaultConfigurationName = Release;
		};
		BD7359F429F9A4EF00766F9A /* Build configuration list for PBXNativeTarget "KPI_III" */ = {
			isa = XCConfigurationList;
			buildConfigurations = (
				BD7359F529F9A4EF00766F9A /* Debug */,
				BD7359F629F9A4EF00766F9A /* Release */,
			);
			defaultConfigurationIsVisible = 0;
			defaultConfigurationName = Release;
		};
/* End XCConfigurationList section */
	};
	rootObject = BD7359DE29F9A4EC00766F9A /* Project object */;
}
